
Microsoft Visual Studio Solution File, Format Version 12.00
# Visual Studio 15
VisualStudioVersion = 15.0.28307.489
MinimumVisualStudioVersion = 10.0.40219.1
Project("{FAE04EC0-301F-11D3-BF4B-00C04F79EFBC}") = "WebApplication1", "WebApplication1\WebApplication1.csproj", "{A934CEAD-02EC-4021-A378-8570764C19B2}"
EndProject
Global
	GlobalSection(SolutionConfigurationPlatforms) = preSolution
		Debug|Any CPU = Debug|Any CPU
		Release|Any CPU = Release|Any CPU
	EndGlobalSection
	GlobalSection(ProjectConfigurationPlatforms) = postSolution
		{A934CEAD-02EC-4021-A378-8570764C19B2}.Debug|Any CPU.ActiveCfg = Debug|Any CPU
		{A934CEAD-02EC-4021-A378-8570764C19B2}.Debug|Any CPU.Build.0 = Debug|Any CPU
		{A934CEAD-02EC-4021-A378-8570764C19B2}.Release|Any CPU.ActiveCfg = Release|Any CPU
		{A934CEAD-02EC-4021-A378-8570764C19B2}.Release|Any CPU.Build.0 = Release|Any CPU
	EndGlobalSection
	GlobalSection(SolutionProperties) = preSolution
		HideSolutionNode = FALSE
	EndGlobalSection
	GlobalSection(ExtensibilityGlobals) = postSolution
		SolutionGuid = {03F32B03-A62B-4962-B3FD-5AB9B41C65AA}
	EndGlobalSection
EndGlobal
